
Microsoft Visual Studio Solution File, Format Version 12.00
# Visual Studio Version 17
VisualStudioVersion = 17.2.32630.192
MinimumVisualStudioVersion = 10.0.40219.1
Project("{9A19103F-16F7-4668-BE54-9A1E7A4F7556}") = "F10Y.T0014.Construction", "F10Y.T0014.Construction\F10Y.T0014.Construction.csproj", "{3A72C55D-93AF-4F23-8B50-ECC3436D9134}"
EndProject
Project("{9A19103F-16F7-4668-BE54-9A1E7A4F7556}") = "F10Y.T0014", "F10Y.T0014\F10Y.T0014.csproj", "{1D556FC1-2A85-43AF-BC02-8E24B787C08A}"
EndProject
Project("{9A19103F-16F7-4668-BE54-9A1E7A4F7556}") = "F10Y.T0014.T001", "F10Y.T0014.T001\F10Y.T0014.T001.csproj", "{0AB9AF84-4D73-426B-9785-BF6F7981E36D}"
EndProject
Project("{2150E333-8FDC-42A3-9474-1A3956D46DE8}") = "_Dependencies", "_Dependencies", "{3F6F5CC1-EBB7-45FA-A191-A3CA9A5F140C}"
EndProject
Project("{9A19103F-16F7-4668-BE54-9A1E7A4F7556}") = "F10Y.L0000", "..\..\F10Y.L0000\source\F10Y.L0000\F10Y.L0000.csproj", "{59B6642D-47EF-42E6-B3E3-803ED89C7ABB}"
EndProject
Project("{9A19103F-16F7-4668-BE54-9A1E7A4F7556}") = "F10Y.T0000", "..\..\F10Y.T0000\source\F10Y.T0000\F10Y.T0000.csproj", "{77A83DE4-2C30-4518-9230-1BE7039953FC}"
EndProject
Project("{9A19103F-16F7-4668-BE54-9A1E7A4F7556}") = "F10Y.T0001", "..\..\F10Y.T0001\source\F10Y.T0001\F10Y.T0001.csproj", "{D122DB9B-5C93-4030-9DEB-EBDCCB84FCF0}"
EndProject
Project("{9A19103F-16F7-4668-BE54-9A1E7A4F7556}") = "F10Y.T0002", "..\..\F10Y.T0002\source\F10Y.T0002\F10Y.T0002.csproj", "{F6881164-5F66-4A6B-BBEF-30880A0D9738}"
EndProject
Project("{9A19103F-16F7-4668-BE54-9A1E7A4F7556}") = "F10Y.T0003", "..\..\F10Y.T0003\source\F10Y.T0003\F10Y.T0003.csproj", "{D77E3222-0739-41D8-92B9-C3AC944D79AD}"
EndProject
Project("{9A19103F-16F7-4668-BE54-9A1E7A4F7556}") = "F10Y.T0011", "..\..\F10Y.T0011\source\F10Y.T0011\F10Y.T0011.csproj", "{1A0863B0-2993-4197-90F5-DCF4F7D3F1C7}"
EndProject
Project("{9A19103F-16F7-4668-BE54-9A1E7A4F7556}") = "F10Y.Y0000", "..\..\F10Y.Y0000\source\F10Y.Y0000\F10Y.Y0000.csproj", "{FCD3755B-A570-4005-9D1B-51F7E8CD16CB}"
EndProject
Project("{9A19103F-16F7-4668-BE54-9A1E7A4F7556}") = "F10Y.T0004", "..\..\F10Y.T0004\source\F10Y.T0004\F10Y.T0004.csproj", "{51D76E28-2931-4572-BFD8-74A05243B918}"
EndProject
Project("{9A19103F-16F7-4668-BE54-9A1E7A4F7556}") = "F10Y.T0014.T002", "F10Y.T0014.T002\F10Y.T0014.T002.csproj", "{785FD83F-3369-418D-A614-085722846F22}"
EndProject
Project("{9A19103F-16F7-4668-BE54-9A1E7A4F7556}") = "F10Y.L0019", "..\..\F10Y.L0019\source\F10Y.L0019\F10Y.L0019.csproj", "{CE460D2B-9A08-458B-BD89-EE784412A1B5}"
EndProject
Project("{9A19103F-16F7-4668-BE54-9A1E7A4F7556}") = "F10Y.L0001.L000", "..\..\F10Y.L0001\source\F10Y.L0001.L000\F10Y.L0001.L000.csproj", "{01A26AD6-EE18-4CE6-A090-EA876E10AA12}"
EndProject
Project("{9A19103F-16F7-4668-BE54-9A1E7A4F7556}") = "F10Y.L0001.L001", "..\..\F10Y.L0001\source\F10Y.L0001.L001\F10Y.L0001.L001.csproj", "{ABF6E159-B4CC-4648-B8FC-7E210949E6E5}"
EndProject
Project("{9A19103F-16F7-4668-BE54-9A1E7A4F7556}") = "F10Y.L0001.L002", "..\..\F10Y.L0001\source\F10Y.L0001.L002\F10Y.L0001.L002.csproj", "{91817A58-A0BC-42FA-8DE8-D9DEFAAAEE11}"
EndProject
Project("{9A19103F-16F7-4668-BE54-9A1E7A4F7556}") = "F10Y.L0001.T000", "..\..\F10Y.L0001\source\F10Y.L0001.T000\F10Y.L0001.T000.csproj", "{52F553CD-8EF1-4E94-A6FF-D084F5E2AEBD}"
EndProject
Project("{9A19103F-16F7-4668-BE54-9A1E7A4F7556}") = "F10Y.L0001.X000", "..\..\F10Y.L0001\source\F10Y.L0001.X000\F10Y.L0001.X000.csproj", "{8BBC0E43-BD8E-49BA-BD9B-7A9A45F7E54A}"
EndProject
Project("{9A19103F-16F7-4668-BE54-9A1E7A4F7556}") = "F10Y.L0001.Z000", "..\..\F10Y.L0001\source\F10Y.L0001.Z000\F10Y.L0001.Z000.csproj", "{8762A8D8-6CE9-490F-8F6B-0C7888EFAB78}"
EndProject
Project("{9A19103F-16F7-4668-BE54-9A1E7A4F7556}") = "F10Y.L0001", "..\..\F10Y.L0001\source\F10Y.L0001\F10Y.L0001.csproj", "{3CA0108E-DB83-44F7-9564-DE4A6FB5C26E}"
EndProject
Project("{9A19103F-16F7-4668-BE54-9A1E7A4F7556}") = "F10Y.L0004.L000", "..\..\F10Y.L0004\source\F10Y.L0004.L000\F10Y.L0004.L000.csproj", "{3A1367CC-B615-4262-85F5-530D5FA98A07}"
EndProject
Project("{9A19103F-16F7-4668-BE54-9A1E7A4F7556}") = "F10Y.T0014.T003", "F10Y.T0014.T003\F10Y.T0014.T003.csproj", "{320DE9FA-B35F-4154-9C64-133096336532}"
EndProject
Project("{9A19103F-16F7-4668-BE54-9A1E7A4F7556}") = "F10Y.L0001.L003", "..\..\F10Y.L0001\source\F10Y.L0001.L003\F10Y.L0001.L003.csproj", "{63942B07-2CF3-4F14-A065-D1AA5F45E9A0}"
EndProject
Project("{9A19103F-16F7-4668-BE54-9A1E7A4F7556}") = "F10Y.L0031.L000", "..\..\F10Y.L0031\source\F10Y.L0031.L000\F10Y.L0031.L000.csproj", "{AE63FCEC-744C-4BE6-98EE-2292D93BAD8B}"
EndProject
Project("{9A19103F-16F7-4668-BE54-9A1E7A4F7556}") = "F10Y.NG0006", "..\..\F10Y.NG0006\source\F10Y.NG0006\F10Y.NG0006.csproj", "{B5402252-53E0-4EB4-AA01-85C540158150}"
EndProject
Project("{9A19103F-16F7-4668-BE54-9A1E7A4F7556}") = "F10Y.L0020", "..\..\F10Y.L0020\source\F10Y.L0020\F10Y.L0020.csproj", "{D5D4F6DD-B5F6-4821-90E6-9851FC5B885D}"
EndProject
Project("{9A19103F-16F7-4668-BE54-9A1E7A4F7556}") = "F10Y.L0032", "..\..\F10Y.L0032\source\F10Y.L0032\F10Y.L0032.csproj", "{D68E8B73-03D5-4F32-9F0D-48757848D5FB}"
EndProject
Project("{9A19103F-16F7-4668-BE54-9A1E7A4F7556}") = "F10Y.T0014.T004", "F10Y.T0014.T004\F10Y.T0014.T004.csproj", "{75255D60-9311-438A-A4EB-1C945F367ACF}"
EndProject
Global
	GlobalSection(NestedProjects) = preSolution
		{59B6642D-47EF-42E6-B3E3-803ED89C7ABB} = {3F6F5CC1-EBB7-45FA-A191-A3CA9A5F140C}
		{77A83DE4-2C30-4518-9230-1BE7039953FC} = {3F6F5CC1-EBB7-45FA-A191-A3CA9A5F140C}
		{D122DB9B-5C93-4030-9DEB-EBDCCB84FCF0} = {3F6F5CC1-EBB7-45FA-A191-A3CA9A5F140C}
		{F6881164-5F66-4A6B-BBEF-30880A0D9738} = {3F6F5CC1-EBB7-45FA-A191-A3CA9A5F140C}
		{D77E3222-0739-41D8-92B9-C3AC944D79AD} = {3F6F5CC1-EBB7-45FA-A191-A3CA9A5F140C}
		{1A0863B0-2993-4197-90F5-DCF4F7D3F1C7} = {3F6F5CC1-EBB7-45FA-A191-A3CA9A5F140C}
		{FCD3755B-A570-4005-9D1B-51F7E8CD16CB} = {3F6F5CC1-EBB7-45FA-A191-A3CA9A5F140C}
		{51D76E28-2931-4572-BFD8-74A05243B918} = {3F6F5CC1-EBB7-45FA-A191-A3CA9A5F140C}
		{CE460D2B-9A08-458B-BD89-EE784412A1B5} = {3F6F5CC1-EBB7-45FA-A191-A3CA9A5F140C}
		{01A26AD6-EE18-4CE6-A090-EA876E10AA12} = {3F6F5CC1-EBB7-45FA-A191-A3CA9A5F140C}
		{ABF6E159-B4CC-4648-B8FC-7E210949E6E5} = {3F6F5CC1-EBB7-45FA-A191-A3CA9A5F140C}
		{91817A58-A0BC-42FA-8DE8-D9DEFAAAEE11} = {3F6F5CC1-EBB7-45FA-A191-A3CA9A5F140C}
		{52F553CD-8EF1-4E94-A6FF-D084F5E2AEBD} = {3F6F5CC1-EBB7-45FA-A191-A3CA9A5F140C}
		{8BBC0E43-BD8E-49BA-BD9B-7A9A45F7E54A} = {3F6F5CC1-EBB7-45FA-A191-A3CA9A5F140C}
		{8762A8D8-6CE9-490F-8F6B-0C7888EFAB78} = {3F6F5CC1-EBB7-45FA-A191-A3CA9A5F140C}
		{3CA0108E-DB83-44F7-9564-DE4A6FB5C26E} = {3F6F5CC1-EBB7-45FA-A191-A3CA9A5F140C}
		{3A1367CC-B615-4262-85F5-530D5FA98A07} = {3F6F5CC1-EBB7-45FA-A191-A3CA9A5F140C}
		{63942B07-2CF3-4F14-A065-D1AA5F45E9A0} = {3F6F5CC1-EBB7-45FA-A191-A3CA9A5F140C}
		{AE63FCEC-744C-4BE6-98EE-2292D93BAD8B} = {3F6F5CC1-EBB7-45FA-A191-A3CA9A5F140C}
		{B5402252-53E0-4EB4-AA01-85C540158150} = {3F6F5CC1-EBB7-45FA-A191-A3CA9A5F140C}
		{D5D4F6DD-B5F6-4821-90E6-9851FC5B885D} = {3F6F5CC1-EBB7-45FA-A191-A3CA9A5F140C}
		{D68E8B73-03D5-4F32-9F0D-48757848D5FB} = {3F6F5CC1-EBB7-45FA-A191-A3CA9A5F140C}
	EndGlobalSection
	GlobalSection(SolutionConfigurationPlatforms) = preSolution
		Debug|Any CPU = Debug|Any CPU
		Release|Any CPU = Release|Any CPU
	EndGlobalSection
	GlobalSection(ProjectConfigurationPlatforms) = postSolution
		{3A72C55D-93AF-4F23-8B50-ECC3436D9134}.Debug|Any CPU.ActiveCfg = Debug|Any CPU
		{3A72C55D-93AF-4F23-8B50-ECC3436D9134}.Debug|Any CPU.Build.0 = Debug|Any CPU
		{3A72C55D-93AF-4F23-8B50-ECC3436D9134}.Release|Any CPU.ActiveCfg = Release|Any CPU
		{3A72C55D-93AF-4F23-8B50-ECC3436D9134}.Release|Any CPU.Build.0 = Release|Any CPU
		{1D556FC1-2A85-43AF-BC02-8E24B787C08A}.Debug|Any CPU.ActiveCfg = Debug|Any CPU
		{1D556FC1-2A85-43AF-BC02-8E24B787C08A}.Debug|Any CPU.Build.0 = Debug|Any CPU
		{1D556FC1-2A85-43AF-BC02-8E24B787C08A}.Release|Any CPU.ActiveCfg = Release|Any CPU
		{1D556FC1-2A85-43AF-BC02-8E24B787C08A}.Release|Any CPU.Build.0 = Release|Any CPU
		{0AB9AF84-4D73-426B-9785-BF6F7981E36D}.Debug|Any CPU.ActiveCfg = Debug|Any CPU
		{0AB9AF84-4D73-426B-9785-BF6F7981E36D}.Debug|Any CPU.Build.0 = Debug|Any CPU
		{0AB9AF84-4D73-426B-9785-BF6F7981E36D}.Release|Any CPU.ActiveCfg = Release|Any CPU
		{0AB9AF84-4D73-426B-9785-BF6F7981E36D}.Release|Any CPU.Build.0 = Release|Any CPU
		{59B6642D-47EF-42E6-B3E3-803ED89C7ABB}.Debug|Any CPU.ActiveCfg = Debug|Any CPU
		{59B6642D-47EF-42E6-B3E3-803ED89C7ABB}.Debug|Any CPU.Build.0 = Debug|Any CPU
		{59B6642D-47EF-42E6-B3E3-803ED89C7ABB}.Release|Any CPU.ActiveCfg = Release|Any CPU
		{59B6642D-47EF-42E6-B3E3-803ED89C7ABB}.Release|Any CPU.Build.0 = Release|Any CPU
		{77A83DE4-2C30-4518-9230-1BE7039953FC}.Debug|Any CPU.ActiveCfg = Debug|Any CPU
		{77A83DE4-2C30-4518-9230-1BE7039953FC}.Debug|Any CPU.Build.0 = Debug|Any CPU
		{77A83DE4-2C30-4518-9230-1BE7039953FC}.Release|Any CPU.ActiveCfg = Release|Any CPU
		{77A83DE4-2C30-4518-9230-1BE7039953FC}.Release|Any CPU.Build.0 = Release|Any CPU
		{D122DB9B-5C93-4030-9DEB-EBDCCB84FCF0}.Debug|Any CPU.ActiveCfg = Debug|Any CPU
		{D122DB9B-5C93-4030-9DEB-EBDCCB84FCF0}.Debug|Any CPU.Build.0 = Debug|Any CPU
		{D122DB9B-5C93-4030-9DEB-EBDCCB84FCF0}.Release|Any CPU.ActiveCfg = Release|Any CPU
		{D122DB9B-5C93-4030-9DEB-EBDCCB84FCF0}.Release|Any CPU.Build.0 = Release|Any CPU
		{F6881164-5F66-4A6B-BBEF-30880A0D9738}.Debug|Any CPU.ActiveCfg = Debug|Any CPU
		{F6881164-5F66-4A6B-BBEF-30880A0D9738}.Debug|Any CPU.Build.0 = Debug|Any CPU
		{F6881164-5F66-4A6B-BBEF-30880A0D9738}.Release|Any CPU.ActiveCfg = Release|Any CPU
		{F6881164-5F66-4A6B-BBEF-30880A0D9738}.Release|Any CPU.Build.0 = Release|Any CPU
		{D77E3222-0739-41D8-92B9-C3AC944D79AD}.Debug|Any CPU.ActiveCfg = Debug|Any CPU
		{D77E3222-0739-41D8-92B9-C3AC944D79AD}.Debug|Any CPU.Build.0 = Debug|Any CPU
		{D77E3222-0739-41D8-92B9-C3AC944D79AD}.Release|Any CPU.ActiveCfg = Release|Any CPU
		{D77E3222-0739-41D8-92B9-C3AC944D79AD}.Release|Any CPU.Build.0 = Release|Any CPU
		{1A0863B0-2993-4197-90F5-DCF4F7D3F1C7}.Debug|Any CPU.ActiveCfg = Debug|Any CPU
		{1A0863B0-2993-4197-90F5-DCF4F7D3F1C7}.Debug|Any CPU.Build.0 = Debug|Any CPU
		{1A0863B0-2993-4197-90F5-DCF4F7D3F1C7}.Release|Any CPU.ActiveCfg = Release|Any CPU
		{1A0863B0-2993-4197-90F5-DCF4F7D3F1C7}.Release|Any CPU.Build.0 = Release|Any CPU
		{FCD3755B-A570-4005-9D1B-51F7E8CD16CB}.Debug|Any CPU.ActiveCfg = Debug|Any CPU
		{FCD3755B-A570-4005-9D1B-51F7E8CD16CB}.Debug|Any CPU.Build.0 = Debug|Any CPU
		{FCD3755B-A570-4005-9D1B-51F7E8CD16CB}.Release|Any CPU.ActiveCfg = Release|Any CPU
		{FCD3755B-A570-4005-9D1B-51F7E8CD16CB}.Release|Any CPU.Build.0 = Release|Any CPU
		{51D76E28-2931-4572-BFD8-74A05243B918}.Debug|Any CPU.ActiveCfg = Debug|Any CPU
		{51D76E28-2931-4572-BFD8-74A05243B918}.Debug|Any CPU.Build.0 = Debug|Any CPU
		{51D76E28-2931-4572-BFD8-74A05243B918}.Release|Any CPU.ActiveCfg = Release|Any CPU
		{51D76E28-2931-4572-BFD8-74A05243B918}.Release|Any CPU.Build.0 = Release|Any CPU
		{785FD83F-3369-418D-A614-085722846F22}.Debug|Any CPU.ActiveCfg = Debug|Any CPU
		{785FD83F-3369-418D-A614-085722846F22}.Debug|Any CPU.Build.0 = Debug|Any CPU
		{785FD83F-3369-418D-A614-085722846F22}.Release|Any CPU.ActiveCfg = Release|Any CPU
		{785FD83F-3369-418D-A614-085722846F22}.Release|Any CPU.Build.0 = Release|Any CPU
		{CE460D2B-9A08-458B-BD89-EE784412A1B5}.Debug|Any CPU.ActiveCfg = Debug|Any CPU
		{CE460D2B-9A08-458B-BD89-EE784412A1B5}.Debug|Any CPU.Build.0 = Debug|Any CPU
		{CE460D2B-9A08-458B-BD89-EE784412A1B5}.Release|Any CPU.ActiveCfg = Release|Any CPU
		{CE460D2B-9A08-458B-BD89-EE784412A1B5}.Release|Any CPU.Build.0 = Release|Any CPU
		{01A26AD6-EE18-4CE6-A090-EA876E10AA12}.Debug|Any CPU.ActiveCfg = Debug|Any CPU
		{01A26AD6-EE18-4CE6-A090-EA876E10AA12}.Debug|Any CPU.Build.0 = Debug|Any CPU
		{01A26AD6-EE18-4CE6-A090-EA876E10AA12}.Release|Any CPU.ActiveCfg = Release|Any CPU
		{01A26AD6-EE18-4CE6-A090-EA876E10AA12}.Release|Any CPU.Build.0 = Release|Any CPU
		{ABF6E159-B4CC-4648-B8FC-7E210949E6E5}.Debug|Any CPU.ActiveCfg = Debug|Any CPU
		{ABF6E159-B4CC-4648-B8FC-7E210949E6E5}.Debug|Any CPU.Build.0 = Debug|Any CPU
		{ABF6E159-B4CC-4648-B8FC-7E210949E6E5}.Release|Any CPU.ActiveCfg = Release|Any CPU
		{ABF6E159-B4CC-4648-B8FC-7E210949E6E5}.Release|Any CPU.Build.0 = Release|Any CPU
		{91817A58-A0BC-42FA-8DE8-D9DEFAAAEE11}.Debug|Any CPU.ActiveCfg = Debug|Any CPU
		{91817A58-A0BC-42FA-8DE8-D9DEFAAAEE11}.Debug|Any CPU.Build.0 = Debug|Any CPU
		{91817A58-A0BC-42FA-8DE8-D9DEFAAAEE11}.Release|Any CPU.ActiveCfg = Release|Any CPU
		{91817A58-A0BC-42FA-8DE8-D9DEFAAAEE11}.Release|Any CPU.Build.0 = Release|Any CPU
		{52F553CD-8EF1-4E94-A6FF-D084F5E2AEBD}.Debug|Any CPU.ActiveCfg = Debug|Any CPU
		{52F553CD-8EF1-4E94-A6FF-D084F5E2AEBD}.Debug|Any CPU.Build.0 = Debug|Any CPU
		{52F553CD-8EF1-4E94-A6FF-D084F5E2AEBD}.Release|Any CPU.ActiveCfg = Release|Any CPU
		{52F553CD-8EF1-4E94-A6FF-D084F5E2AEBD}.Release|Any CPU.Build.0 = Release|Any CPU
		{8BBC0E43-BD8E-49BA-BD9B-7A9A45F7E54A}.Debug|Any CPU.ActiveCfg = Debug|Any CPU
		{8BBC0E43-BD8E-49BA-BD9B-7A9A45F7E54A}.Debug|Any CPU.Build.0 = Debug|Any CPU
		{8BBC0E43-BD8E-49BA-BD9B-7A9A45F7E54A}.Release|Any CPU.ActiveCfg = Release|Any CPU
		{8BBC0E43-BD8E-49BA-BD9B-7A9A45F7E54A}.Release|Any CPU.Build.0 = Release|Any CPU
		{8762A8D8-6CE9-490F-8F6B-0C7888EFAB78}.Debug|Any CPU.ActiveCfg = Debug|Any CPU
		{8762A8D8-6CE9-490F-8F6B-0C7888EFAB78}.Debug|Any CPU.Build.0 = Debug|Any CPU
		{8762A8D8-6CE9-490F-8F6B-0C7888EFAB78}.Release|Any CPU.ActiveCfg = Release|Any CPU
		{8762A8D8-6CE9-490F-8F6B-0C7888EFAB78}.Release|Any CPU.Build.0 = Release|Any CPU
		{3CA0108E-DB83-44F7-9564-DE4A6FB5C26E}.Debug|Any CPU.ActiveCfg = Debug|Any CPU
		{3CA0108E-DB83-44F7-9564-DE4A6FB5C26E}.Debug|Any CPU.Build.0 = Debug|Any CPU
		{3CA0108E-DB83-44F7-9564-DE4A6FB5C26E}.Release|Any CPU.ActiveCfg = Release|Any CPU
		{3CA0108E-DB83-44F7-9564-DE4A6FB5C26E}.Release|Any CPU.Build.0 = Release|Any CPU
		{3A1367CC-B615-4262-85F5-530D5FA98A07}.Debug|Any CPU.ActiveCfg = Debug|Any CPU
		{3A1367CC-B615-4262-85F5-530D5FA98A07}.Debug|Any CPU.Build.0 = Debug|Any CPU
		{3A1367CC-B615-4262-85F5-530D5FA98A07}.Release|Any CPU.ActiveCfg = Release|Any CPU
		{3A1367CC-B615-4262-85F5-530D5FA98A07}.Release|Any CPU.Build.0 = Release|Any CPU
		{320DE9FA-B35F-4154-9C64-133096336532}.Debug|Any CPU.ActiveCfg = Debug|Any CPU
		{320DE9FA-B35F-4154-9C64-133096336532}.Debug|Any CPU.Build.0 = Debug|Any CPU
		{320DE9FA-B35F-4154-9C64-133096336532}.Release|Any CPU.ActiveCfg = Release|Any CPU
		{320DE9FA-B35F-4154-9C64-133096336532}.Release|Any CPU.Build.0 = Release|Any CPU
		{63942B07-2CF3-4F14-A065-D1AA5F45E9A0}.Debug|Any CPU.ActiveCfg = Debug|Any CPU
		{63942B07-2CF3-4F14-A065-D1AA5F45E9A0}.Debug|Any CPU.Build.0 = Debug|Any CPU
		{63942B07-2CF3-4F14-A065-D1AA5F45E9A0}.Release|Any CPU.ActiveCfg = Release|Any CPU
		{63942B07-2CF3-4F14-A065-D1AA5F45E9A0}.Release|Any CPU.Build.0 = Release|Any CPU
		{AE63FCEC-744C-4BE6-98EE-2292D93BAD8B}.Debug|Any CPU.ActiveCfg = Debug|Any CPU
		{AE63FCEC-744C-4BE6-98EE-2292D93BAD8B}.Debug|Any CPU.Build.0 = Debug|Any CPU
		{AE63FCEC-744C-4BE6-98EE-2292D93BAD8B}.Release|Any CPU.ActiveCfg = Release|Any CPU
		{AE63FCEC-744C-4BE6-98EE-2292D93BAD8B}.Release|Any CPU.Build.0 = Release|Any CPU
		{B5402252-53E0-4EB4-AA01-85C540158150}.Debug|Any CPU.ActiveCfg = Debug|Any CPU
		{B5402252-53E0-4EB4-AA01-85C540158150}.Debug|Any CPU.Build.0 = Debug|Any CPU
		{B5402252-53E0-4EB4-AA01-85C540158150}.Release|Any CPU.ActiveCfg = Release|Any CPU
		{B5402252-53E0-4EB4-AA01-85C540158150}.Release|Any CPU.Build.0 = Release|Any CPU
		{D5D4F6DD-B5F6-4821-90E6-9851FC5B885D}.Debug|Any CPU.ActiveCfg = Debug|Any CPU
		{D5D4F6DD-B5F6-4821-90E6-9851FC5B885D}.Debug|Any CPU.Build.0 = Debug|Any CPU
		{D5D4F6DD-B5F6-4821-90E6-9851FC5B885D}.Release|Any CPU.ActiveCfg = Release|Any CPU
		{D5D4F6DD-B5F6-4821-90E6-9851FC5B885D}.Release|Any CPU.Build.0 = Release|Any CPU
		{D68E8B73-03D5-4F32-9F0D-48757848D5FB}.Debug|Any CPU.ActiveCfg = Debug|Any CPU
		{D68E8B73-03D5-4F32-9F0D-48757848D5FB}.Debug|Any CPU.Build.0 = Debug|Any CPU
		{D68E8B73-03D5-4F32-9F0D-48757848D5FB}.Release|Any CPU.ActiveCfg = Release|Any CPU
		{D68E8B73-03D5-4F32-9F0D-48757848D5FB}.Release|Any CPU.Build.0 = Release|Any CPU
		{75255D60-9311-438A-A4EB-1C945F367ACF}.Debug|Any CPU.ActiveCfg = Debug|Any CPU
		{75255D60-9311-438A-A4EB-1C945F367ACF}.Debug|Any CPU.Build.0 = Debug|Any CPU
		{75255D60-9311-438A-A4EB-1C945F367ACF}.Release|Any CPU.ActiveCfg = Release|Any CPU
		{75255D60-9311-438A-A4EB-1C945F367ACF}.Release|Any CPU.Build.0 = Release|Any CPU
	EndGlobalSection
	GlobalSection(SolutionProperties) = preSolution
		HideSolutionNode = FALSE
	EndGlobalSection
	GlobalSection(ExtensibilityGlobals) = postSolution
		SolutionGuid = {F7D278E5-12DE-4A0C-BF2C-ADC2FF2AC3BA}
	EndGlobalSection
EndGlobal
